
Microsoft Visual Studio Solution File, Format Version 12.00
# Visual Studio Version 17
VisualStudioVersion = 17.0.31612.314
MinimumVisualStudioVersion = 10.0.40219.1
Project("{9A19103F-16F7-4668-BE54-9A1E7A4F7556}") = "Sky.ERP.API", "Sky.ERP.API\Sky.ERP.API.csproj", "{9BEA450D-2FF6-47FB-A836-7F0A713E054E}"
EndProject
Project("{9A19103F-16F7-4668-BE54-9A1E7A4F7556}") = "Sky.ERP.Domain", "Sky.ERP.Domain\Sky.ERP.Domain.csproj", "{F3BDDC5D-29BD-4C92-9836-C2B1B32E464A}"
EndProject
Project("{9A19103F-16F7-4668-BE54-9A1E7A4F7556}") = "Sky.ERP.Infrastructure", "Sky.ERP.Infrastructure\Sky.ERP.Infrastructure.csproj", "{3CF062E2-BD0A-405D-86AD-87E208C1E4B2}"
EndProject
Project("{54A90642-561A-4BB1-A94E-469ADEE60C69}") = "SkyERP-UI", "SkyERP-UI\SkyERP-UI.esproj", "{69D206BB-91AE-409B-A505-23778600EF08}"
EndProject
Global
	GlobalSection(SolutionConfigurationPlatforms) = preSolution
		Debug|Any CPU = Debug|Any CPU
		Release|Any CPU = Release|Any CPU
	EndGlobalSection
	GlobalSection(ProjectConfigurationPlatforms) = postSolution
		{9BEA450D-2FF6-47FB-A836-7F0A713E054E}.Debug|Any CPU.ActiveCfg = Debug|Any CPU
		{9BEA450D-2FF6-47FB-A836-7F0A713E054E}.Debug|Any CPU.Build.0 = Debug|Any CPU
		{9BEA450D-2FF6-47FB-A836-7F0A713E054E}.Release|Any CPU.ActiveCfg = Release|Any CPU
		{9BEA450D-2FF6-47FB-A836-7F0A713E054E}.Release|Any CPU.Build.0 = Release|Any CPU
		{F3BDDC5D-29BD-4C92-9836-C2B1B32E464A}.Debug|Any CPU.ActiveCfg = Debug|Any CPU
		{F3BDDC5D-29BD-4C92-9836-C2B1B32E464A}.Debug|Any CPU.Build.0 = Debug|Any CPU
		{F3BDDC5D-29BD-4C92-9836-C2B1B32E464A}.Release|Any CPU.ActiveCfg = Release|Any CPU
		{F3BDDC5D-29BD-4C92-9836-C2B1B32E464A}.Release|Any CPU.Build.0 = Release|Any CPU
		{3CF062E2-BD0A-405D-86AD-87E208C1E4B2}.Debug|Any CPU.ActiveCfg = Debug|Any CPU
		{3CF062E2-BD0A-405D-86AD-87E208C1E4B2}.Debug|Any CPU.Build.0 = Debug|Any CPU
		{3CF062E2-BD0A-405D-86AD-87E208C1E4B2}.Release|Any CPU.ActiveCfg = Release|Any CPU
		{3CF062E2-BD0A-405D-86AD-87E208C1E4B2}.Release|Any CPU.Build.0 = Release|Any CPU
		{69D206BB-91AE-409B-A505-23778600EF08}.Debug|Any CPU.ActiveCfg = Debug|Any CPU
		{69D206BB-91AE-409B-A505-23778600EF08}.Debug|Any CPU.Build.0 = Debug|Any CPU
		{69D206BB-91AE-409B-A505-23778600EF08}.Debug|Any CPU.Deploy.0 = Debug|Any CPU
		{69D206BB-91AE-409B-A505-23778600EF08}.Release|Any CPU.ActiveCfg = Release|Any CPU
		{69D206BB-91AE-409B-A505-23778600EF08}.Release|Any CPU.Build.0 = Release|Any CPU
		{69D206BB-91AE-409B-A505-23778600EF08}.Release|Any CPU.Deploy.0 = Release|Any CPU
	EndGlobalSection
	GlobalSection(SolutionProperties) = preSolution
		HideSolutionNode = FALSE
	EndGlobalSection
	GlobalSection(ExtensibilityGlobals) = postSolution
		SolutionGuid = {2DB5A82A-74C1-4652-A40E-F203F9DD5BF6}
	EndGlobalSection
EndGlobal
